{"format_version":"1.2","terraform_version":"1.5.7","planned_values":{"root_module":{"resources":[{"address":"google_storage_bucket.test_invalid","mode":"managed","type":"google_storage_bucket","name":"test_invalid","provider_name":"registry.terraform.io/hashicorp/google","schema_version":3,"values":{"autoclass":[],"cors":[],"custom_placement_config":[],"default_event_based_hold":null,"effective_labels":{"env":"staging","goog-terraform-provisioned":"true"},"enable_object_retention":null,"encryption":[],"force_destroy":false,"hierarchical_namespace":[],"labels":{"env":"staging"},"lifecycle_rule":[],"location":"EU","logging":[],"requester_pays":null,"retention_policy":[],"storage_class":"STANDARD","terraform_labels":{"env":"staging","goog-terraform-provisioned":"true"},"timeouts":null},"sensitive_values":{"autoclass":[],"cors":[],"custom_placement_config":[],"effective_labels":{},"encryption":[],"hierarchical_namespace":[],"labels":{},"lifecycle_rule":[],"logging":[],"retention_policy":[],"soft_delete_policy":[],"terraform_labels":{},"versioning":[],"website":[]}},{"address":"google_storage_bucket.test_valid","mode":"managed","type":"google_storage_bucket","name":"test_valid","provider_name":"registry.terraform.io/hashicorp/google","schema_version":3,"values":{"autoclass":[],"cors":[],"custom_placement_config":[],"default_event_based_hold":null,"effective_labels":{"env":"dev","goog-terraform-provisioned":"true"},"enable_object_retention":null,"encryption":[],"force_destroy":false,"hierarchical_namespace":[],"labels":{"env":"dev"},"lifecycle_rule":[],"location":"EU","logging":[],"requester_pays":null,"retention_policy":[],"storage_class":"STANDARD","terraform_labels":{"env":"dev","goog-terraform-provisioned":"true"},"timeouts":null},"sensitive_values":{"autoclass":[],"cors":[],"custom_placement_config":[],"effective_labels":{},"encryption":[],"hierarchical_namespace":[],"labels":{},"lifecycle_rule":[],"logging":[],"retention_policy":[],"soft_delete_policy":[],"terraform_labels":{},"versioning":[],"website":[]}},{"address":"random_id.bucket1","mode":"managed","type":"random_id","name":"bucket1","provider_name":"registry.terraform.io/hashicorp/random","schema_version":0,"values":{"byte_length":4,"keepers":null,"prefix":null},"sensitive_values":{}},{"address":"random_id.bucket2","mode":"managed","type":"random_id","name":"bucket2","provider_name":"registry.terraform.io/hashicorp/random","schema_version":0,"values":{"byte_length":4,"keepers":null,"prefix":null},"sensitive_values":{}}]}},"resource_changes":[{"address":"google_storage_bucket.test_invalid","mode":"managed","type":"google_storage_bucket","name":"test_invalid","provider_name":"registry.terraform.io/hashicorp/google","change":{"actions":["create"],"before":null,"after":{"autoclass":[],"cors":[],"custom_placement_config":[],"default_event_based_hold":null,"effective_labels":{"env":"staging","goog-terraform-provisioned":"true"},"enable_object_retention":null,"encryption":[],"force_destroy":false,"hierarchical_namespace":[],"labels":{"env":"staging"},"lifecycle_rule":[],"location":"EU","logging":[],"requester_pays":null,"retention_policy":[],"storage_class":"STANDARD","terraform_labels":{"env":"staging","goog-terraform-provisioned":"true"},"timeouts":null},"after_unknown":{"autoclass":[],"cors":[],"custom_placement_config":[],"effective_labels":{},"encryption":[],"hierarchical_namespace":[],"id":true,"labels":{},"lifecycle_rule":[],"logging":[],"name":true,"project":true,"project_number":true,"public_access_prevention":true,"retention_policy":[],"rpo":true,"self_link":true,"soft_delete_policy":true,"terraform_labels":{},"uniform_bucket_level_access":true,"url":true,"versioning":true,"website":true},"before_sensitive":false,"after_sensitive":{"autoclass":[],"cors":[],"custom_placement_config":[],"effective_labels":{},"encryption":[],"hierarchical_namespace":[],"labels":{},"lifecycle_rule":[],"logging":[],"retention_policy":[],"soft_delete_policy":[],"terraform_labels":{},"versioning":[],"website":[]}}},{"address":"google_storage_bucket.test_valid","mode":"managed","type":"google_storage_bucket","name":"test_valid","provider_name":"registry.terraform.io/hashicorp/google","change":{"actions":["create"],"before":null,"after":{"autoclass":[],"cors":[],"custom_placement_config":[],"default_event_based_hold":null,"effective_labels":{"env":"dev","goog-terraform-provisioned":"true"},"enable_object_retention":null,"encryption":[],"force_destroy":false,"hierarchical_namespace":[],"labels":{"env":"dev"},"lifecycle_rule":[],"location":"EU","logging":[],"requester_pays":null,"retention_policy":[],"storage_class":"STANDARD","terraform_labels":{"env":"dev","goog-terraform-provisioned":"true"},"timeouts":null},"after_unknown":{"autoclass":[],"cors":[],"custom_placement_config":[],"effective_labels":{},"encryption":[],"hierarchical_namespace":[],"id":true,"labels":{},"lifecycle_rule":[],"logging":[],"name":true,"project":true,"project_number":true,"public_access_prevention":true,"retention_policy":[],"rpo":true,"self_link":true,"soft_delete_policy":true,"terraform_labels":{},"uniform_bucket_level_access":true,"url":true,"versioning":true,"website":true},"before_sensitive":false,"after_sensitive":{"autoclass":[],"cors":[],"custom_placement_config":[],"effective_labels":{},"encryption":[],"hierarchical_namespace":[],"labels":{},"lifecycle_rule":[],"logging":[],"retention_policy":[],"soft_delete_policy":[],"terraform_labels":{},"versioning":[],"website":[]}}},{"address":"random_id.bucket1","mode":"managed","type":"random_id","name":"bucket1","provider_name":"registry.terraform.io/hashicorp/random","change":{"actions":["create"],"before":null,"after":{"byte_length":4,"keepers":null,"prefix":null},"after_unknown":{"b64_std":true,"b64_url":true,"dec":true,"hex":true,"id":true},"before_sensitive":false,"after_sensitive":{}}},{"address":"random_id.bucket2","mode":"managed","type":"random_id","name":"bucket2","provider_name":"registry.terraform.io/hashicorp/random","change":{"actions":["create"],"before":null,"after":{"byte_length":4,"keepers":null,"prefix":null},"after_unknown":{"b64_std":true,"b64_url":true,"dec":true,"hex":true,"id":true},"before_sensitive":false,"after_sensitive":{}}}],"configuration":{"provider_config":{"google":{"name":"google","full_name":"registry.terraform.io/hashicorp/google","expressions":{"project":{"constant_value":"training-platform-engineer"},"region":{"constant_value":"europe-west1"}}},"random":{"name":"random","full_name":"registry.terraform.io/hashicorp/random"}},"root_module":{"resources":[{"address":"google_storage_bucket.test_invalid","mode":"managed","type":"google_storage_bucket","name":"test_invalid","provider_config_key":"google","expressions":{"labels":{"constant_value":{"env":"staging"}},"location":{"constant_value":"EU"},"name":{"references":["random_id.bucket1.hex","random_id.bucket1"]}},"schema_version":3},{"address":"google_storage_bucket.test_valid","mode":"managed","type":"google_storage_bucket","name":"test_valid","provider_config_key":"google","expressions":{"labels":{"constant_value":{"env":"dev"}},"location":{"constant_value":"EU"},"name":{"references":["random_id.bucket2.hex","random_id.bucket2"]}},"schema_version":3},{"address":"random_id.bucket1","mode":"managed","type":"random_id","name":"bucket1","provider_config_key":"random","expressions":{"byte_length":{"constant_value":4}},"schema_version":0},{"address":"random_id.bucket2","mode":"managed","type":"random_id","name":"bucket2","provider_config_key":"random","expressions":{"byte_length":{"constant_value":4}},"schema_version":0}]}},"relevant_attributes":[{"resource":"random_id.bucket1","attribute":["hex"]},{"resource":"random_id.bucket2","attribute":["hex"]}],"timestamp":"2025-04-15T08:54:06Z"}
